{
  "version": 4,
  "terraform_version": "1.11.2",
  "serial": 52,
  "lineage": "9fd737f3-7636-0765-b65d-2a5c7e8321b6",
  "outputs": {},
  "resources": [
    {
      "mode": "data",
      "type": "archive_file",
      "name": "lambda-apply",
      "provider": "provider[\"registry.terraform.io/hashicorp/archive\"]",
      "instances": [
        {
          "schema_version": 0,
          "attributes": {
            "exclude_symlink_directories": null,
            "excludes": null,
            "id": "3bbf13399b916d65b9c4b6ea34c732bb5b191a86",
            "output_base64sha256": "FW+M2E8k2tbWuZ4oaCs2/Aj8hwNpsPvFd1R4iAs2DNM=",
            "output_base64sha512": "yQf1Tpddfd7egxGnqQbvpwjm6STni1PGNrQNqIB0Y0Ngt5JVVXTB4D52+LgprpL1nureaKLwokAMFvm7Kdaiag==",
            "output_file_mode": null,
            "output_md5": "971e7275bd27c06e800d5ea7985893b7",
            "output_path": "lambda-apply-function.zip",
            "output_sha": "3bbf13399b916d65b9c4b6ea34c732bb5b191a86",
            "output_sha256": "156f8cd84f24dad6d6b99e28682b36fc08fc870369b0fbc5775478880b360cd3",
            "output_sha512": "c907f54e975d7ddede8311a7a906efa708e6e924e78b53c636b40da88074634360b792555574c1e03e76f8b829ae92f59eeade68a2f0a2400c16f9bb29d6a26a",
            "output_size": 827,
            "source": [],
            "source_content": null,
            "source_content_filename": null,
            "source_dir": null,
            "source_file": "apply-function.js",
            "type": "zip"
          },
          "sensitive_attributes": []
        }
      ]
    },
    {
      "mode": "data",
      "type": "archive_file",
      "name": "lambda-count",
      "provider": "provider[\"registry.terraform.io/hashicorp/archive\"]",
      "instances": [
        {
          "schema_version": 0,
          "attributes": {
            "exclude_symlink_directories": null,
            "excludes": null,
            "id": "1c1def84d6414acc12d9db822dc617e5efbdd291",
            "output_base64sha256": "1Mqr/m1dIy2Bs1RN7xEXTXK+c4mOV7e1axIQT2zQwLU=",
            "output_base64sha512": "FulKskn8m5DRXhJJv5EZGKO6nonICuBZQ50lKnTallWyWZtUuTxfKHrPGVGkZfIbwpms31BMv5aLJ2btIhOrGQ==",
            "output_file_mode": null,
            "output_md5": "3bd1ace4dc9eaf0aa5db14c8078339da",
            "output_path": "lambda-count-function.zip",
            "output_sha": "1c1def84d6414acc12d9db822dc617e5efbdd291",
            "output_sha256": "d4caabfe6d5d232d81b3544def11174d72be73898e57b7b56b12104f6cd0c0b5",
            "output_sha512": "16e94ab249fc9b90d15e1249bf911918a3ba9e89c80ae059439d252a74da9655b2599b54b93c5f287acf1951a465f21bc299acdf504cbf968b2766ed2213ab19",
            "output_size": 550,
            "source": [],
            "source_content": null,
            "source_content_filename": null,
            "source_dir": null,
            "source_file": "count-function.js",
            "type": "zip"
          },
          "sensitive_attributes": []
        }
      ]
    },
    {
      "mode": "data",
      "type": "archive_file",
      "name": "lambda-draw",
      "provider": "provider[\"registry.terraform.io/hashicorp/archive\"]",
      "instances": [
        {
          "schema_version": 0,
          "attributes": {
            "exclude_symlink_directories": null,
            "excludes": null,
            "id": "f92da89a7774025f9ce2395c7326170e79901c21",
            "output_base64sha256": "EbsjRdiEOnOLpEbj31CJ/MuoLfgKCm8uBQ57hGIAnmo=",
            "output_base64sha512": "qTB0tNzALfzmxFUN4WcA1KRc2fcqqIGRn1Ix+CPtFhSQJ6cuNHYNtSoejBl1tdiepvI9Wu518VixsNJZLDpM0A==",
            "output_file_mode": null,
            "output_md5": "8a7e746403e2c936fd792e3bd690e7a0",
            "output_path": "lambda-draw-function.zip",
            "output_sha": "f92da89a7774025f9ce2395c7326170e79901c21",
            "output_sha256": "11bb2345d8843a738ba446e3df5089fccba82df80a0a6f2e050e7b8462009e6a",
            "output_sha512": "a93074b4dcc02dfce6c4550de16700d4a45cd9f72aa881919f5231f823ed16149027a72e34760db52a1e8c1975b5d89ea6f23d5aee75f158b1b0d2592c3a4cd0",
            "output_size": 1009,
            "source": [],
            "source_content": null,
            "source_content_filename": null,
            "source_dir": null,
            "source_file": "draw-function.js",
            "type": "zip"
          },
          "sensitive_attributes": []
        }
      ]
    },
    {
      "mode": "managed",
      "type": "aws_dynamodb_table",
      "name": "dynamodb-table-lottery",
      "provider": "provider[\"registry.terraform.io/hashicorp/aws\"]",
      "instances": [
        {
          "schema_version": 1,
          "attributes": {
            "arn": "arn:aws:dynamodb:us-east-1:438465140342:table/dynamodb-table-lottery",
            "attribute": [
              {
                "name": "email",
                "type": "S"
              }
            ],
            "billing_mode": "PAY_PER_REQUEST",
            "deletion_protection_enabled": false,
            "global_secondary_index": [],
            "hash_key": "email",
            "id": "dynamodb-table-lottery",
            "import_table": [],
            "local_secondary_index": [],
            "name": "dynamodb-table-lottery",
            "on_demand_throughput": [],
            "point_in_time_recovery": [
              {
                "enabled": false
              }
            ],
            "range_key": null,
            "read_capacity": 0,
            "replica": [],
            "restore_date_time": null,
            "restore_source_name": null,
            "restore_source_table_arn": null,
            "restore_to_latest_time": null,
            "server_side_encryption": [],
            "stream_arn": "",
            "stream_enabled": false,
            "stream_label": "",
            "stream_view_type": "",
            "table_class": "STANDARD",
            "tags": {
              "Name": "dynamodb-table-lottery"
            },
            "tags_all": {
              "Name": "dynamodb-table-lottery"
            },
            "timeouts": null,
            "ttl": [
              {
                "attribute_name": "",
                "enabled": false
              }
            ],
            "write_capacity": 0
          },
          "sensitive_attributes": [],
          "private": "eyJlMmJmYjczMC1lY2FhLTExZTYtOGY4OC0zNDM2M2JjN2M0YzAiOnsiY3JlYXRlIjoxODAwMDAwMDAwMDAwLCJkZWxldGUiOjYwMDAwMDAwMDAwMCwidXBkYXRlIjozNjAwMDAwMDAwMDAwfSwic2NoZW1hX3ZlcnNpb24iOiIxIn0="
        }
      ]
    },
    {
      "mode": "managed",
      "type": "aws_iam_role",
      "name": "lambda_dynamodb_role",
      "provider": "provider[\"registry.terraform.io/hashicorp/aws\"]",
      "instances": [
        {
          "schema_version": 0,
          "attributes": {
            "arn": "arn:aws:iam::438465140342:role/lambda_dynamodb_role",
            "assume_role_policy": "{\"Statement\":[{\"Action\":\"sts:AssumeRole\",\"Effect\":\"Allow\",\"Principal\":{\"Service\":\"lambda.amazonaws.com\"}}],\"Version\":\"2012-10-17\"}",
            "create_date": "2025-03-15T10:43:04Z",
            "description": "",
            "force_detach_policies": false,
            "id": "lambda_dynamodb_role",
            "inline_policy": [],
            "managed_policy_arns": [
              "arn:aws:iam::aws:policy/AWSLambdaInvocation-DynamoDB",
              "arn:aws:iam::aws:policy/AmazonDynamoDBFullAccess",
              "arn:aws:iam::aws:policy/CloudWatchLogsFullAccess",
              "arn:aws:iam::aws:policy/service-role/AWSLambdaBasicExecutionRole"
            ],
            "max_session_duration": 3600,
            "name": "lambda_dynamodb_role",
            "name_prefix": "",
            "path": "/",
            "permissions_boundary": "",
            "tags": {},
            "tags_all": {},
            "unique_id": "AROAWMFUPCZ3GB4L5QZ4E"
          },
          "sensitive_attributes": [],
          "private": "bnVsbA=="
        }
      ]
    },
    {
      "mode": "managed",
      "type": "aws_iam_role_policy_attachment",
      "name": "cloud-watch-logs",
      "provider": "provider[\"registry.terraform.io/hashicorp/aws\"]",
      "instances": [
        {
          "schema_version": 0,
          "attributes": {
            "id": "lambda_dynamodb_role-20250315104359855600000001",
            "policy_arn": "arn:aws:iam::aws:policy/CloudWatchLogsFullAccess",
            "role": "lambda_dynamodb_role"
          },
          "sensitive_attributes": [],
          "private": "bnVsbA==",
          "dependencies": [
            "aws_iam_role.lambda_dynamodb_role"
          ]
        }
      ]
    },
    {
      "mode": "managed",
      "type": "aws_iam_role_policy_attachment",
      "name": "lambda-invocatoion",
      "provider": "provider[\"registry.terraform.io/hashicorp/aws\"]",
      "instances": [
        {
          "schema_version": 0,
          "attributes": {
            "id": "lambda_dynamodb_role-20250315104531986900000001",
            "policy_arn": "arn:aws:iam::aws:policy/AWSLambdaInvocation-DynamoDB",
            "role": "lambda_dynamodb_role"
          },
          "sensitive_attributes": [],
          "private": "bnVsbA==",
          "dependencies": [
            "aws_iam_role.lambda_dynamodb_role"
          ]
        }
      ]
    },
    {
      "mode": "managed",
      "type": "aws_iam_role_policy_attachment",
      "name": "lambda_basic_execution",
      "provider": "provider[\"registry.terraform.io/hashicorp/aws\"]",
      "instances": [
        {
          "schema_version": 0,
          "attributes": {
            "id": "lambda_dynamodb_role-20250315104359864500000002",
            "policy_arn": "arn:aws:iam::aws:policy/service-role/AWSLambdaBasicExecutionRole",
            "role": "lambda_dynamodb_role"
          },
          "sensitive_attributes": [],
          "private": "bnVsbA==",
          "dependencies": [
            "aws_iam_role.lambda_dynamodb_role"
          ]
        }
      ]
    },
    {
      "mode": "managed",
      "type": "aws_iam_role_policy_attachment",
      "name": "lambda_dynamodb_access",
      "provider": "provider[\"registry.terraform.io/hashicorp/aws\"]",
      "instances": [
        {
          "schema_version": 0,
          "attributes": {
            "id": "lambda_dynamodb_role-20250315104359884200000003",
            "policy_arn": "arn:aws:iam::aws:policy/AmazonDynamoDBFullAccess",
            "role": "lambda_dynamodb_role"
          },
          "sensitive_attributes": [],
          "private": "bnVsbA==",
          "dependencies": [
            "aws_iam_role.lambda_dynamodb_role"
          ]
        }
      ]
    },
    {
      "mode": "managed",
      "type": "aws_lambda_function",
      "name": "apply-function",
      "provider": "provider[\"registry.terraform.io/hashicorp/aws\"]",
      "instances": [
        {
          "schema_version": 0,
          "attributes": {
            "architectures": [
              "x86_64"
            ],
            "arn": "arn:aws:lambda:us-east-1:438465140342:function:apply-function",
            "code_sha256": "FW+M2E8k2tbWuZ4oaCs2/Aj8hwNpsPvFd1R4iAs2DNM=",
            "code_signing_config_arn": "",
            "dead_letter_config": [],
            "description": "",
            "environment": [
              {
                "variables": {
                  "foo": "bar"
                }
              }
            ],
            "ephemeral_storage": [
              {
                "size": 512
              }
            ],
            "file_system_config": [],
            "filename": "lambda-apply-function.zip",
            "function_name": "apply-function",
            "handler": "apply-function.handler",
            "id": "apply-function",
            "image_config": [],
            "image_uri": "",
            "invoke_arn": "arn:aws:apigateway:us-east-1:lambda:path/2015-03-31/functions/arn:aws:lambda:us-east-1:438465140342:function:apply-function/invocations",
            "kms_key_arn": "",
            "last_modified": "2025-03-19T13:16:35.000+0000",
            "layers": [],
            "logging_config": [
              {
                "application_log_level": "",
                "log_format": "Text",
                "log_group": "/aws/lambda/apply-function",
                "system_log_level": ""
              }
            ],
            "memory_size": 128,
            "package_type": "Zip",
            "publish": false,
            "qualified_arn": "arn:aws:lambda:us-east-1:438465140342:function:apply-function:$LATEST",
            "qualified_invoke_arn": "arn:aws:apigateway:us-east-1:lambda:path/2015-03-31/functions/arn:aws:lambda:us-east-1:438465140342:function:apply-function:$LATEST/invocations",
            "replace_security_groups_on_destroy": null,
            "replacement_security_group_ids": null,
            "reserved_concurrent_executions": -1,
            "role": "arn:aws:iam::438465140342:role/lambda_dynamodb_role",
            "runtime": "nodejs18.x",
            "s3_bucket": null,
            "s3_key": null,
            "s3_object_version": null,
            "signing_job_arn": "",
            "signing_profile_version_arn": "",
            "skip_destroy": false,
            "snap_start": [],
            "source_code_hash": "FW+M2E8k2tbWuZ4oaCs2/Aj8hwNpsPvFd1R4iAs2DNM=",
            "source_code_size": 827,
            "tags": {},
            "tags_all": {},
            "timeout": 3,
            "timeouts": null,
            "tracing_config": [
              {
                "mode": "PassThrough"
              }
            ],
            "version": "$LATEST",
            "vpc_config": []
          },
          "sensitive_attributes": [],
          "private": "eyJlMmJmYjczMC1lY2FhLTExZTYtOGY4OC0zNDM2M2JjN2M0YzAiOnsiY3JlYXRlIjo2MDAwMDAwMDAwMDAsImRlbGV0ZSI6NjAwMDAwMDAwMDAwLCJ1cGRhdGUiOjYwMDAwMDAwMDAwMH19",
          "dependencies": [
            "aws_iam_role.lambda_dynamodb_role",
            "data.archive_file.lambda-apply"
          ]
        }
      ]
    },
    {
      "mode": "managed",
      "type": "aws_lambda_function",
      "name": "count-function",
      "provider": "provider[\"registry.terraform.io/hashicorp/aws\"]",
      "instances": [
        {
          "schema_version": 0,
          "attributes": {
            "architectures": [
              "x86_64"
            ],
            "arn": "arn:aws:lambda:us-east-1:438465140342:function:count-function",
            "code_sha256": "1Mqr/m1dIy2Bs1RN7xEXTXK+c4mOV7e1axIQT2zQwLU=",
            "code_signing_config_arn": "",
            "dead_letter_config": [],
            "description": "",
            "environment": [
              {
                "variables": {
                  "foo": "bar"
                }
              }
            ],
            "ephemeral_storage": [
              {
                "size": 512
              }
            ],
            "file_system_config": [],
            "filename": "lambda-count-function.zip",
            "function_name": "count-function",
            "handler": "count-function.handler",
            "id": "count-function",
            "image_config": [],
            "image_uri": "",
            "invoke_arn": "arn:aws:apigateway:us-east-1:lambda:path/2015-03-31/functions/arn:aws:lambda:us-east-1:438465140342:function:count-function/invocations",
            "kms_key_arn": "",
            "last_modified": "2025-03-19T13:42:34.000+0000",
            "layers": [],
            "logging_config": [
              {
                "application_log_level": "",
                "log_format": "Text",
                "log_group": "/aws/lambda/count-function",
                "system_log_level": ""
              }
            ],
            "memory_size": 128,
            "package_type": "Zip",
            "publish": false,
            "qualified_arn": "arn:aws:lambda:us-east-1:438465140342:function:count-function:$LATEST",
            "qualified_invoke_arn": "arn:aws:apigateway:us-east-1:lambda:path/2015-03-31/functions/arn:aws:lambda:us-east-1:438465140342:function:count-function:$LATEST/invocations",
            "replace_security_groups_on_destroy": null,
            "replacement_security_group_ids": null,
            "reserved_concurrent_executions": -1,
            "role": "arn:aws:iam::438465140342:role/lambda_dynamodb_role",
            "runtime": "nodejs18.x",
            "s3_bucket": null,
            "s3_key": null,
            "s3_object_version": null,
            "signing_job_arn": "",
            "signing_profile_version_arn": "",
            "skip_destroy": false,
            "snap_start": [],
            "source_code_hash": "1Mqr/m1dIy2Bs1RN7xEXTXK+c4mOV7e1axIQT2zQwLU=",
            "source_code_size": 550,
            "tags": {},
            "tags_all": {},
            "timeout": 3,
            "timeouts": null,
            "tracing_config": [
              {
                "mode": "PassThrough"
              }
            ],
            "version": "$LATEST",
            "vpc_config": []
          },
          "sensitive_attributes": [],
          "private": "eyJlMmJmYjczMC1lY2FhLTExZTYtOGY4OC0zNDM2M2JjN2M0YzAiOnsiY3JlYXRlIjo2MDAwMDAwMDAwMDAsImRlbGV0ZSI6NjAwMDAwMDAwMDAwLCJ1cGRhdGUiOjYwMDAwMDAwMDAwMH19",
          "dependencies": [
            "aws_iam_role.lambda_dynamodb_role",
            "data.archive_file.lambda-count"
          ]
        }
      ]
    },
    {
      "mode": "managed",
      "type": "aws_lambda_function",
      "name": "draw-function",
      "provider": "provider[\"registry.terraform.io/hashicorp/aws\"]",
      "instances": [
        {
          "schema_version": 0,
          "attributes": {
            "architectures": [
              "x86_64"
            ],
            "arn": "arn:aws:lambda:us-east-1:438465140342:function:draw-function",
            "code_sha256": "EbsjRdiEOnOLpEbj31CJ/MuoLfgKCm8uBQ57hGIAnmo=",
            "code_signing_config_arn": "",
            "dead_letter_config": [],
            "description": "",
            "environment": [
              {
                "variables": {
                  "foo": "bar"
                }
              }
            ],
            "ephemeral_storage": [
              {
                "size": 512
              }
            ],
            "file_system_config": [],
            "filename": "lambda-draw-function.zip",
            "function_name": "draw-function",
            "handler": "draw-function.handler",
            "id": "draw-function",
            "image_config": [],
            "image_uri": "",
            "invoke_arn": "arn:aws:apigateway:us-east-1:lambda:path/2015-03-31/functions/arn:aws:lambda:us-east-1:438465140342:function:draw-function/invocations",
            "kms_key_arn": "",
            "last_modified": "2025-03-19T14:18:17.000+0000",
            "layers": [],
            "logging_config": [
              {
                "application_log_level": "",
                "log_format": "Text",
                "log_group": "/aws/lambda/draw-function",
                "system_log_level": ""
              }
            ],
            "memory_size": 128,
            "package_type": "Zip",
            "publish": false,
            "qualified_arn": "arn:aws:lambda:us-east-1:438465140342:function:draw-function:$LATEST",
            "qualified_invoke_arn": "arn:aws:apigateway:us-east-1:lambda:path/2015-03-31/functions/arn:aws:lambda:us-east-1:438465140342:function:draw-function:$LATEST/invocations",
            "replace_security_groups_on_destroy": null,
            "replacement_security_group_ids": null,
            "reserved_concurrent_executions": -1,
            "role": "arn:aws:iam::438465140342:role/lambda_dynamodb_role",
            "runtime": "nodejs18.x",
            "s3_bucket": null,
            "s3_key": null,
            "s3_object_version": null,
            "signing_job_arn": "",
            "signing_profile_version_arn": "",
            "skip_destroy": false,
            "snap_start": [],
            "source_code_hash": "EbsjRdiEOnOLpEbj31CJ/MuoLfgKCm8uBQ57hGIAnmo=",
            "source_code_size": 1009,
            "tags": {},
            "tags_all": {},
            "timeout": 3,
            "timeouts": null,
            "tracing_config": [
              {
                "mode": "PassThrough"
              }
            ],
            "version": "$LATEST",
            "vpc_config": []
          },
          "sensitive_attributes": [],
          "private": "eyJlMmJmYjczMC1lY2FhLTExZTYtOGY4OC0zNDM2M2JjN2M0YzAiOnsiY3JlYXRlIjo2MDAwMDAwMDAwMDAsImRlbGV0ZSI6NjAwMDAwMDAwMDAwLCJ1cGRhdGUiOjYwMDAwMDAwMDAwMH19",
          "dependencies": [
            "aws_iam_role.lambda_dynamodb_role",
            "data.archive_file.lambda-draw"
          ]
        }
      ]
    }
  ],
  "check_results": null
}
